%{
  "cowboy": {:hex, :cowboy, "1.0.4", "a324a8df9f2316c833a470d918aaf73ae894278b8aa6226ce7a9bf699388f878", [:make, :rebar], [{:cowlib, "~> 1.0.0", [hex: :cowlib, repo: "hexpm", optional: false]}, {:ranch, "~> 1.0", [hex: :ranch, repo: "hexpm", optional: false]}], "hexpm", "6a0edee96885fae3a8dd0ac1f333538a42e807db638a9453064ccfdaa6b9fdac"},
  "cowlib": {:hex, :cowlib, "1.0.2", "9d769a1d062c9c3ac753096f868ca121e2730b9a377de23dec0f7e08b1df84ee", [:make], [], "hexpm", "db622da03aa039e6366ab953e31186cc8190d32905e33788a1acb22744e6abd2"},
  "earmark": {:hex, :earmark, "1.1.1", "433136b7f2e99cde88b745b3a0cfc3fbc81fe58b918a09b40fce7f00db4d8187", [:mix], [], "hexpm", "d446a8ffea9968237fcada883303ac6e04a00a1dc41039061645eea9e7af65a0"},
  "ex_doc": {:hex, :ex_doc, "0.14.5", "c0433c8117e948404d93ca69411dd575ec6be39b47802e81ca8d91017a0cf83c", [:mix], [{:earmark, "~> 1.0", [hex: :earmark, repo: "hexpm", optional: false]}], "hexpm", "5c30e436a5acfdc2fd8fe6866585fcaf30f434c611d8119d4f3390ced2a550f3"},
  "mime": {:hex, :mime, "1.1.0", "01c1d6f4083d8aa5c7b8c246ade95139620ef8effb009edde934e0ec3b28090a", [:mix], [], "hexpm", "33dd09e615daab5668c15cc3a33829892728fdbed910ab0c0a0edb06b45fc54d"},
  "plug": {:hex, :plug, "1.3.0", "6e2b01afc5db3fd011ca4a16efd9cb424528c157c30a44a0186bcc92c7b2e8f3", [:mix], [{:cowboy, "~> 1.0.1 or ~> 1.1", [hex: :cowboy, repo: "hexpm", optional: true]}, {:mime, "~> 1.0", [hex: :mime, repo: "hexpm", optional: false]}], "hexpm", "fd5244357e6d5651d3e1bc3582f5e29c29f5055f34194533100ececc2dfae2fd"},
  "ranch": {:hex, :ranch, "1.3.2", "e4965a144dc9fbe70e5c077c65e73c57165416a901bd02ea899cfd95aa890986", [:rebar3], [], "hexpm", "6e56493a862433fccc3aca3025c946d6720d8eedf6e3e6fb911952a7071c357f"},
  "telemetry": {:hex, :telemetry, "1.0.0", "0f453a102cdf13d506b7c0ab158324c337c41f1cc7548f0bc0e130bbf0ae9452", [:rebar3], [], "hexpm", "73bc09fa59b4a0284efb4624335583c528e07ec9ae76aca96ea0673850aec57a"},
}
